{
  "name": "drlambda-frontend",
  "lockfileVersion": 3,
  "requires": true,
  "packages": {
    "": {
      "dependencies": {
        "carbon-connect": "^1.5.34"
      }
    },
    "node_modules/carbon-connect": {
      "version": "1.5.34",
      "resolved": "https://registry.npmjs.org/carbon-connect/-/carbon-connect-1.5.34.tgz",
      "integrity": "sha512-cLZVS4dLwIeAnpKd1gKeMcfc/hgqc+ylG/U2m+BCUC7yA82A5kmTqn/Tz3OgQU1JujoBEZ9/vGi9tfo/gr5G8Q==",
      "peerDependencies": {
        "@radix-ui/react-dialog": "^1.0.0",
        "lodash": "^4.17.21",
        "react": ">=16.8.0",
        "react-dom": ">=16.8.0",
        "react-drag-drop-files": "^2.0.0",
        "react-icons": "^4.0.0",
        "react-toastify": "^9.0.0",
        "tailwindcss": "^3.0.0"
      }
    }
  }
}
